
Microsoft Visual Studio Solution File, Format Version 12.00
# Visual Studio Version 17
VisualStudioVersion = 17.0.31903.59
MinimumVisualStudioVersion = 10.0.40219.1
Project("{8BC9CEB8-8B4A-11D0-8D11-00A0C91BC942}") = "JDMFCLibrary", "JDMFCLibrary\JDMFCLibrary.vcxproj", "{D7A93589-B456-43EF-9C10-E68BF433C68F}"
EndProject
Project("{8BC9CEB8-8B4A-11D0-8D11-00A0C91BC942}") = "TesterForMFCUtilitiesDLL", "TesterForMFCUtilitiesDLL\TesterForMFCUtilitiesDLL.vcxproj", "{6A917F18-D6CA-4573-A61B-6FFF3CC197B0}"
EndProject
Project("{8BC9CEB8-8B4A-11D0-8D11-00A0C91BC942}") = "TestLeaksMFC", "TestLeaksMFC\TestLeaksMFC.vcxproj", "{302763DB-CEF6-4A4D-BBA1-B1632BB06FFC}"
EndProject
Project("{8BC9CEB8-8B4A-11D0-8D11-00A0C91BC942}") = "TypeErasure", "TypeErasure\TypeErasure.vcxproj", "{83D24ED9-BF77-4503-BAB0-9216215C672D}"
EndProject
Project("{8BC9CEB8-8B4A-11D0-8D11-00A0C91BC942}") = "TestCFormView", "TestCFormView\TestCFormView.vcxproj", "{EDFC61F4-65B4-4654-BC0B-2971DD6EA3AB}"
EndProject
Project("{8BC9CEB8-8B4A-11D0-8D11-00A0C91BC942}") = "ExpenseManagerSQLite", "ExpenseManagerSQLite\ExpenseManagerSQLite.vcxproj", "{4BA062B0-225F-4ACF-BB2F-3FE2C439023A}"
EndProject
Project("{8BC9CEB8-8B4A-11D0-8D11-00A0C91BC942}") = "boost-multiprecision", "boost-multiprecision\boost-multiprecision.vcxproj", "{8BD05784-FAAC-4563-8A1B-839F86485A3B}"
EndProject
Project("{8BC9CEB8-8B4A-11D0-8D11-00A0C91BC942}") = "Catch_Testing", "Catch_Testing\Catch_Testing.vcxproj", "{C1B4F587-F003-493D-8EE3-EAA3E9C86335}"
EndProject
Project("{8BC9CEB8-8B4A-11D0-8D11-00A0C91BC942}") = "SeguroMedicoMFC", "SeguroMedicoMFC\SeguroMedicoMFC.vcxproj", "{832ABB83-D5F6-4FD0-9E19-E32812942555}"
EndProject
Project("{8BC9CEB8-8B4A-11D0-8D11-00A0C91BC942}") = "SimplestORMTest", "SimplestORMTest\SimplestORMTest.vcxproj", "{B54B4BCB-2E7B-41C2-8293-A69D26C2C294}"
EndProject
Project("{8BC9CEB8-8B4A-11D0-8D11-00A0C91BC942}") = "MinimumAppToReportBug", "MinimumAppToReportBug\MinimumAppToReportBug.vcxproj", "{AAA4D904-C6C6-4CF9-B542-C6960B3E1209}"
EndProject
Project("{8BC9CEB8-8B4A-11D0-8D11-00A0C91BC942}") = "SeguroMedicoMFCDocView", "SeguroMedicoMFCDocView\SeguroMedicoMFCDocView.vcxproj", "{341D089E-EB2A-4E4E-8D43-BB7A65048513}"
EndProject
Project("{8BC9CEB8-8B4A-11D0-8D11-00A0C91BC942}") = "Google-Test", "Google-Test\Google-Test.vcxproj", "{310944C7-ED7A-438E-A442-80C50E2750FC}"
EndProject
Project("{8BC9CEB8-8B4A-11D0-8D11-00A0C91BC942}") = "JDMFCLibraryModules", "JDMFCLibraryModules\JDMFCLibraryModules.vcxproj", "{C964146A-C6CF-49A0-8BD9-A97512E8123C}"
EndProject
Project("{8BC9CEB8-8B4A-11D0-8D11-00A0C91BC942}") = "Passwords", "Passwords\Passwords.vcxproj", "{B901D158-DFCB-473B-8CF4-83403A40D1C9}"
EndProject
Project("{8BC9CEB8-8B4A-11D0-8D11-00A0C91BC942}") = "Investments", "Investments\Investments.vcxproj", "{4B92C1C0-2F38-42E9-9260-E0E712D2038B}"
EndProject
Project("{8BC9CEB8-8B4A-11D0-8D11-00A0C91BC942}") = "ORM_Extensions", "ORM_Extensions\ORM_Extensions.vcxproj", "{09692E24-5E7A-400D-B342-05A57854BF99}"
EndProject
Project("{8BC9CEB8-8B4A-11D0-8D11-00A0C91BC942}") = "ORM_ExtensionsModules", "ORM_ExtensionsModules\ORM_ExtensionsModules.vcxproj", "{40F8B8AC-EA37-4D92-A399-B2A8AFFD0EDD}"
EndProject
Project("{8BC9CEB8-8B4A-11D0-8D11-00A0C91BC942}") = "sqlite_orm_examples", "sqlite_orm_examples\sqlite_orm_examples.vcxproj", "{1BFBC2CA-CF0C-4505-8405-14B3DC9AB07E}"
EndProject
Project("{8BC9CEB8-8B4A-11D0-8D11-00A0C91BC942}") = "encodings", "encodings\encodings.vcxproj", "{55C28775-09CE-4EF5-AE19-69B2D4D4AA6D}"
EndProject
Project("{8BC9CEB8-8B4A-11D0-8D11-00A0C91BC942}") = "ChartApplication", "ChartApplication\ChartApplication.vcxproj", "{D35A4121-2407-4F88-BA96-C8077B2CDE9C}"
EndProject
Project("{8BC9CEB8-8B4A-11D0-8D11-00A0C91BC942}") = "ChartMFCSample", "ChartMFCSample\ChartMFCSample.vcxproj", "{4EE8EE63-53FC-498D-9663-D137CE7B9C85}"
EndProject
Project("{8BC9CEB8-8B4A-11D0-8D11-00A0C91BC942}") = "MFCPP20MODULES", "MFCPP20MODULES\MFCPP20MODULES.vcxproj", "{8E1EA0D3-C0E7-41FE-A640-E2329C32FFA8}"
EndProject
Project("{8BC9CEB8-8B4A-11D0-8D11-00A0C91BC942}") = "Client_MFCPP20_Modules", "Client_MFCPP20_Modules\Client_MFCPP20_Modules.vcxproj", "{2D8F8B91-0C19-4EA8-874B-31508EFE4776}"
EndProject
Project("{8BC9CEB8-8B4A-11D0-8D11-00A0C91BC942}") = "GridCtrl", "GridCtrl\GridCtrl.vcxproj", "{1BD766C5-CB5C-4024-97DB-8B1897BD75B8}"
EndProject
Global
	GlobalSection(SolutionConfigurationPlatforms) = preSolution
		Debug|x64 = Debug|x64
		Debug|x86 = Debug|x86
		Release Unicode|x64 = Release Unicode|x64
		Release Unicode|x86 = Release Unicode|x86
		Release|x64 = Release|x64
		Release|x86 = Release|x86
	EndGlobalSection
	GlobalSection(ProjectConfigurationPlatforms) = postSolution
		{D7A93589-B456-43EF-9C10-E68BF433C68F}.Debug|x64.ActiveCfg = Debug|x64
		{D7A93589-B456-43EF-9C10-E68BF433C68F}.Debug|x64.Build.0 = Debug|x64
		{D7A93589-B456-43EF-9C10-E68BF433C68F}.Debug|x86.ActiveCfg = Debug|Win32
		{D7A93589-B456-43EF-9C10-E68BF433C68F}.Debug|x86.Build.0 = Debug|Win32
		{D7A93589-B456-43EF-9C10-E68BF433C68F}.Release Unicode|x64.ActiveCfg = Release|x64
		{D7A93589-B456-43EF-9C10-E68BF433C68F}.Release Unicode|x64.Build.0 = Release|x64
		{D7A93589-B456-43EF-9C10-E68BF433C68F}.Release Unicode|x86.ActiveCfg = Release|Win32
		{D7A93589-B456-43EF-9C10-E68BF433C68F}.Release Unicode|x86.Build.0 = Release|Win32
		{D7A93589-B456-43EF-9C10-E68BF433C68F}.Release|x64.ActiveCfg = Release|x64
		{D7A93589-B456-43EF-9C10-E68BF433C68F}.Release|x64.Build.0 = Release|x64
		{D7A93589-B456-43EF-9C10-E68BF433C68F}.Release|x86.ActiveCfg = Release|Win32
		{D7A93589-B456-43EF-9C10-E68BF433C68F}.Release|x86.Build.0 = Release|Win32
		{6A917F18-D6CA-4573-A61B-6FFF3CC197B0}.Debug|x64.ActiveCfg = Debug|x64
		{6A917F18-D6CA-4573-A61B-6FFF3CC197B0}.Debug|x64.Build.0 = Debug|x64
		{6A917F18-D6CA-4573-A61B-6FFF3CC197B0}.Debug|x86.ActiveCfg = Debug|Win32
		{6A917F18-D6CA-4573-A61B-6FFF3CC197B0}.Debug|x86.Build.0 = Debug|Win32
		{6A917F18-D6CA-4573-A61B-6FFF3CC197B0}.Release Unicode|x64.ActiveCfg = Release|x64
		{6A917F18-D6CA-4573-A61B-6FFF3CC197B0}.Release Unicode|x64.Build.0 = Release|x64
		{6A917F18-D6CA-4573-A61B-6FFF3CC197B0}.Release Unicode|x86.ActiveCfg = Release|Win32
		{6A917F18-D6CA-4573-A61B-6FFF3CC197B0}.Release Unicode|x86.Build.0 = Release|Win32
		{6A917F18-D6CA-4573-A61B-6FFF3CC197B0}.Release|x64.ActiveCfg = Release|x64
		{6A917F18-D6CA-4573-A61B-6FFF3CC197B0}.Release|x64.Build.0 = Release|x64
		{6A917F18-D6CA-4573-A61B-6FFF3CC197B0}.Release|x86.ActiveCfg = Release|Win32
		{6A917F18-D6CA-4573-A61B-6FFF3CC197B0}.Release|x86.Build.0 = Release|Win32
		{302763DB-CEF6-4A4D-BBA1-B1632BB06FFC}.Debug|x64.ActiveCfg = Debug|x64
		{302763DB-CEF6-4A4D-BBA1-B1632BB06FFC}.Debug|x64.Build.0 = Debug|x64
		{302763DB-CEF6-4A4D-BBA1-B1632BB06FFC}.Debug|x86.ActiveCfg = Debug|Win32
		{302763DB-CEF6-4A4D-BBA1-B1632BB06FFC}.Debug|x86.Build.0 = Debug|Win32
		{302763DB-CEF6-4A4D-BBA1-B1632BB06FFC}.Release Unicode|x64.ActiveCfg = Release|x64
		{302763DB-CEF6-4A4D-BBA1-B1632BB06FFC}.Release Unicode|x64.Build.0 = Release|x64
		{302763DB-CEF6-4A4D-BBA1-B1632BB06FFC}.Release Unicode|x86.ActiveCfg = Release|Win32
		{302763DB-CEF6-4A4D-BBA1-B1632BB06FFC}.Release Unicode|x86.Build.0 = Release|Win32
		{302763DB-CEF6-4A4D-BBA1-B1632BB06FFC}.Release|x64.ActiveCfg = Release|x64
		{302763DB-CEF6-4A4D-BBA1-B1632BB06FFC}.Release|x64.Build.0 = Release|x64
		{302763DB-CEF6-4A4D-BBA1-B1632BB06FFC}.Release|x86.ActiveCfg = Release|Win32
		{302763DB-CEF6-4A4D-BBA1-B1632BB06FFC}.Release|x86.Build.0 = Release|Win32
		{83D24ED9-BF77-4503-BAB0-9216215C672D}.Debug|x64.ActiveCfg = Debug|x64
		{83D24ED9-BF77-4503-BAB0-9216215C672D}.Debug|x64.Build.0 = Debug|x64
		{83D24ED9-BF77-4503-BAB0-9216215C672D}.Debug|x86.ActiveCfg = Debug|Win32
		{83D24ED9-BF77-4503-BAB0-9216215C672D}.Debug|x86.Build.0 = Debug|Win32
		{83D24ED9-BF77-4503-BAB0-9216215C672D}.Release Unicode|x64.ActiveCfg = Release|x64
		{83D24ED9-BF77-4503-BAB0-9216215C672D}.Release Unicode|x64.Build.0 = Release|x64
		{83D24ED9-BF77-4503-BAB0-9216215C672D}.Release Unicode|x86.ActiveCfg = Release|Win32
		{83D24ED9-BF77-4503-BAB0-9216215C672D}.Release Unicode|x86.Build.0 = Release|Win32
		{83D24ED9-BF77-4503-BAB0-9216215C672D}.Release|x64.ActiveCfg = Release|x64
		{83D24ED9-BF77-4503-BAB0-9216215C672D}.Release|x64.Build.0 = Release|x64
		{83D24ED9-BF77-4503-BAB0-9216215C672D}.Release|x86.ActiveCfg = Release|Win32
		{83D24ED9-BF77-4503-BAB0-9216215C672D}.Release|x86.Build.0 = Release|Win32
		{EDFC61F4-65B4-4654-BC0B-2971DD6EA3AB}.Debug|x64.ActiveCfg = Debug|x64
		{EDFC61F4-65B4-4654-BC0B-2971DD6EA3AB}.Debug|x64.Build.0 = Debug|x64
		{EDFC61F4-65B4-4654-BC0B-2971DD6EA3AB}.Debug|x86.ActiveCfg = Debug|Win32
		{EDFC61F4-65B4-4654-BC0B-2971DD6EA3AB}.Debug|x86.Build.0 = Debug|Win32
		{EDFC61F4-65B4-4654-BC0B-2971DD6EA3AB}.Release Unicode|x64.ActiveCfg = Release|x64
		{EDFC61F4-65B4-4654-BC0B-2971DD6EA3AB}.Release Unicode|x64.Build.0 = Release|x64
		{EDFC61F4-65B4-4654-BC0B-2971DD6EA3AB}.Release Unicode|x86.ActiveCfg = Release|Win32
		{EDFC61F4-65B4-4654-BC0B-2971DD6EA3AB}.Release Unicode|x86.Build.0 = Release|Win32
		{EDFC61F4-65B4-4654-BC0B-2971DD6EA3AB}.Release|x64.ActiveCfg = Release|x64
		{EDFC61F4-65B4-4654-BC0B-2971DD6EA3AB}.Release|x64.Build.0 = Release|x64
		{EDFC61F4-65B4-4654-BC0B-2971DD6EA3AB}.Release|x86.ActiveCfg = Release|Win32
		{EDFC61F4-65B4-4654-BC0B-2971DD6EA3AB}.Release|x86.Build.0 = Release|Win32
		{4BA062B0-225F-4ACF-BB2F-3FE2C439023A}.Debug|x64.ActiveCfg = Debug|x64
		{4BA062B0-225F-4ACF-BB2F-3FE2C439023A}.Debug|x64.Build.0 = Debug|x64
		{4BA062B0-225F-4ACF-BB2F-3FE2C439023A}.Debug|x86.ActiveCfg = Debug|Win32
		{4BA062B0-225F-4ACF-BB2F-3FE2C439023A}.Debug|x86.Build.0 = Debug|Win32
		{4BA062B0-225F-4ACF-BB2F-3FE2C439023A}.Release Unicode|x64.ActiveCfg = Release|x64
		{4BA062B0-225F-4ACF-BB2F-3FE2C439023A}.Release Unicode|x64.Build.0 = Release|x64
		{4BA062B0-225F-4ACF-BB2F-3FE2C439023A}.Release Unicode|x86.ActiveCfg = Release|Win32
		{4BA062B0-225F-4ACF-BB2F-3FE2C439023A}.Release Unicode|x86.Build.0 = Release|Win32
		{4BA062B0-225F-4ACF-BB2F-3FE2C439023A}.Release|x64.ActiveCfg = Release|x64
		{4BA062B0-225F-4ACF-BB2F-3FE2C439023A}.Release|x64.Build.0 = Release|x64
		{4BA062B0-225F-4ACF-BB2F-3FE2C439023A}.Release|x86.ActiveCfg = Release|Win32
		{4BA062B0-225F-4ACF-BB2F-3FE2C439023A}.Release|x86.Build.0 = Release|Win32
		{8BD05784-FAAC-4563-8A1B-839F86485A3B}.Debug|x64.ActiveCfg = Debug|x64
		{8BD05784-FAAC-4563-8A1B-839F86485A3B}.Debug|x64.Build.0 = Debug|x64
		{8BD05784-FAAC-4563-8A1B-839F86485A3B}.Debug|x86.ActiveCfg = Debug|Win32
		{8BD05784-FAAC-4563-8A1B-839F86485A3B}.Debug|x86.Build.0 = Debug|Win32
		{8BD05784-FAAC-4563-8A1B-839F86485A3B}.Release Unicode|x64.ActiveCfg = Release|x64
		{8BD05784-FAAC-4563-8A1B-839F86485A3B}.Release Unicode|x64.Build.0 = Release|x64
		{8BD05784-FAAC-4563-8A1B-839F86485A3B}.Release Unicode|x86.ActiveCfg = Release|Win32
		{8BD05784-FAAC-4563-8A1B-839F86485A3B}.Release Unicode|x86.Build.0 = Release|Win32
		{8BD05784-FAAC-4563-8A1B-839F86485A3B}.Release|x64.ActiveCfg = Release|x64
		{8BD05784-FAAC-4563-8A1B-839F86485A3B}.Release|x64.Build.0 = Release|x64
		{8BD05784-FAAC-4563-8A1B-839F86485A3B}.Release|x86.ActiveCfg = Release|Win32
		{8BD05784-FAAC-4563-8A1B-839F86485A3B}.Release|x86.Build.0 = Release|Win32
		{C1B4F587-F003-493D-8EE3-EAA3E9C86335}.Debug|x64.ActiveCfg = Debug|x64
		{C1B4F587-F003-493D-8EE3-EAA3E9C86335}.Debug|x64.Build.0 = Debug|x64
		{C1B4F587-F003-493D-8EE3-EAA3E9C86335}.Debug|x86.ActiveCfg = Debug|Win32
		{C1B4F587-F003-493D-8EE3-EAA3E9C86335}.Debug|x86.Build.0 = Debug|Win32
		{C1B4F587-F003-493D-8EE3-EAA3E9C86335}.Release Unicode|x64.ActiveCfg = Release|x64
		{C1B4F587-F003-493D-8EE3-EAA3E9C86335}.Release Unicode|x64.Build.0 = Release|x64
		{C1B4F587-F003-493D-8EE3-EAA3E9C86335}.Release Unicode|x86.ActiveCfg = Release|Win32
		{C1B4F587-F003-493D-8EE3-EAA3E9C86335}.Release Unicode|x86.Build.0 = Release|Win32
		{C1B4F587-F003-493D-8EE3-EAA3E9C86335}.Release|x64.ActiveCfg = Release|x64
		{C1B4F587-F003-493D-8EE3-EAA3E9C86335}.Release|x64.Build.0 = Release|x64
		{C1B4F587-F003-493D-8EE3-EAA3E9C86335}.Release|x86.ActiveCfg = Release|Win32
		{C1B4F587-F003-493D-8EE3-EAA3E9C86335}.Release|x86.Build.0 = Release|Win32
		{832ABB83-D5F6-4FD0-9E19-E32812942555}.Debug|x64.ActiveCfg = Debug|x64
		{832ABB83-D5F6-4FD0-9E19-E32812942555}.Debug|x64.Build.0 = Debug|x64
		{832ABB83-D5F6-4FD0-9E19-E32812942555}.Debug|x86.ActiveCfg = Debug|Win32
		{832ABB83-D5F6-4FD0-9E19-E32812942555}.Debug|x86.Build.0 = Debug|Win32
		{832ABB83-D5F6-4FD0-9E19-E32812942555}.Release Unicode|x64.ActiveCfg = Release|x64
		{832ABB83-D5F6-4FD0-9E19-E32812942555}.Release Unicode|x64.Build.0 = Release|x64
		{832ABB83-D5F6-4FD0-9E19-E32812942555}.Release Unicode|x86.ActiveCfg = Release|Win32
		{832ABB83-D5F6-4FD0-9E19-E32812942555}.Release Unicode|x86.Build.0 = Release|Win32
		{832ABB83-D5F6-4FD0-9E19-E32812942555}.Release|x64.ActiveCfg = Release|x64
		{832ABB83-D5F6-4FD0-9E19-E32812942555}.Release|x64.Build.0 = Release|x64
		{832ABB83-D5F6-4FD0-9E19-E32812942555}.Release|x86.ActiveCfg = Release|Win32
		{832ABB83-D5F6-4FD0-9E19-E32812942555}.Release|x86.Build.0 = Release|Win32
		{B54B4BCB-2E7B-41C2-8293-A69D26C2C294}.Debug|x64.ActiveCfg = Debug|x64
		{B54B4BCB-2E7B-41C2-8293-A69D26C2C294}.Debug|x64.Build.0 = Debug|x64
		{B54B4BCB-2E7B-41C2-8293-A69D26C2C294}.Debug|x86.ActiveCfg = Debug|Win32
		{B54B4BCB-2E7B-41C2-8293-A69D26C2C294}.Debug|x86.Build.0 = Debug|Win32
		{B54B4BCB-2E7B-41C2-8293-A69D26C2C294}.Release Unicode|x64.ActiveCfg = Release|x64
		{B54B4BCB-2E7B-41C2-8293-A69D26C2C294}.Release Unicode|x64.Build.0 = Release|x64
		{B54B4BCB-2E7B-41C2-8293-A69D26C2C294}.Release Unicode|x86.ActiveCfg = Release|Win32
		{B54B4BCB-2E7B-41C2-8293-A69D26C2C294}.Release Unicode|x86.Build.0 = Release|Win32
		{B54B4BCB-2E7B-41C2-8293-A69D26C2C294}.Release|x64.ActiveCfg = Release|x64
		{B54B4BCB-2E7B-41C2-8293-A69D26C2C294}.Release|x64.Build.0 = Release|x64
		{B54B4BCB-2E7B-41C2-8293-A69D26C2C294}.Release|x86.ActiveCfg = Release|Win32
		{B54B4BCB-2E7B-41C2-8293-A69D26C2C294}.Release|x86.Build.0 = Release|Win32
		{AAA4D904-C6C6-4CF9-B542-C6960B3E1209}.Debug|x64.ActiveCfg = Debug|x64
		{AAA4D904-C6C6-4CF9-B542-C6960B3E1209}.Debug|x64.Build.0 = Debug|x64
		{AAA4D904-C6C6-4CF9-B542-C6960B3E1209}.Debug|x86.ActiveCfg = Debug|Win32
		{AAA4D904-C6C6-4CF9-B542-C6960B3E1209}.Debug|x86.Build.0 = Debug|Win32
		{AAA4D904-C6C6-4CF9-B542-C6960B3E1209}.Release Unicode|x64.ActiveCfg = Release|x64
		{AAA4D904-C6C6-4CF9-B542-C6960B3E1209}.Release Unicode|x64.Build.0 = Release|x64
		{AAA4D904-C6C6-4CF9-B542-C6960B3E1209}.Release Unicode|x86.ActiveCfg = Release|Win32
		{AAA4D904-C6C6-4CF9-B542-C6960B3E1209}.Release Unicode|x86.Build.0 = Release|Win32
		{AAA4D904-C6C6-4CF9-B542-C6960B3E1209}.Release|x64.ActiveCfg = Release|x64
		{AAA4D904-C6C6-4CF9-B542-C6960B3E1209}.Release|x64.Build.0 = Release|x64
		{AAA4D904-C6C6-4CF9-B542-C6960B3E1209}.Release|x86.ActiveCfg = Release|Win32
		{AAA4D904-C6C6-4CF9-B542-C6960B3E1209}.Release|x86.Build.0 = Release|Win32
		{341D089E-EB2A-4E4E-8D43-BB7A65048513}.Debug|x64.ActiveCfg = Debug|x64
		{341D089E-EB2A-4E4E-8D43-BB7A65048513}.Debug|x64.Build.0 = Debug|x64
		{341D089E-EB2A-4E4E-8D43-BB7A65048513}.Debug|x86.ActiveCfg = Debug|Win32
		{341D089E-EB2A-4E4E-8D43-BB7A65048513}.Debug|x86.Build.0 = Debug|Win32
		{341D089E-EB2A-4E4E-8D43-BB7A65048513}.Release Unicode|x64.ActiveCfg = Release|x64
		{341D089E-EB2A-4E4E-8D43-BB7A65048513}.Release Unicode|x64.Build.0 = Release|x64
		{341D089E-EB2A-4E4E-8D43-BB7A65048513}.Release Unicode|x86.ActiveCfg = Release|Win32
		{341D089E-EB2A-4E4E-8D43-BB7A65048513}.Release Unicode|x86.Build.0 = Release|Win32
		{341D089E-EB2A-4E4E-8D43-BB7A65048513}.Release|x64.ActiveCfg = Release|x64
		{341D089E-EB2A-4E4E-8D43-BB7A65048513}.Release|x64.Build.0 = Release|x64
		{341D089E-EB2A-4E4E-8D43-BB7A65048513}.Release|x86.ActiveCfg = Release|Win32
		{341D089E-EB2A-4E4E-8D43-BB7A65048513}.Release|x86.Build.0 = Release|Win32
		{310944C7-ED7A-438E-A442-80C50E2750FC}.Debug|x64.ActiveCfg = Debug|x64
		{310944C7-ED7A-438E-A442-80C50E2750FC}.Debug|x64.Build.0 = Debug|x64
		{310944C7-ED7A-438E-A442-80C50E2750FC}.Debug|x86.ActiveCfg = Debug|Win32
		{310944C7-ED7A-438E-A442-80C50E2750FC}.Debug|x86.Build.0 = Debug|Win32
		{310944C7-ED7A-438E-A442-80C50E2750FC}.Release Unicode|x64.ActiveCfg = Release|x64
		{310944C7-ED7A-438E-A442-80C50E2750FC}.Release Unicode|x64.Build.0 = Release|x64
		{310944C7-ED7A-438E-A442-80C50E2750FC}.Release Unicode|x86.ActiveCfg = Release|Win32
		{310944C7-ED7A-438E-A442-80C50E2750FC}.Release Unicode|x86.Build.0 = Release|Win32
		{310944C7-ED7A-438E-A442-80C50E2750FC}.Release|x64.ActiveCfg = Release|x64
		{310944C7-ED7A-438E-A442-80C50E2750FC}.Release|x64.Build.0 = Release|x64
		{310944C7-ED7A-438E-A442-80C50E2750FC}.Release|x86.ActiveCfg = Release|Win32
		{310944C7-ED7A-438E-A442-80C50E2750FC}.Release|x86.Build.0 = Release|Win32
		{C964146A-C6CF-49A0-8BD9-A97512E8123C}.Debug|x64.ActiveCfg = Debug|x64
		{C964146A-C6CF-49A0-8BD9-A97512E8123C}.Debug|x64.Build.0 = Debug|x64
		{C964146A-C6CF-49A0-8BD9-A97512E8123C}.Debug|x86.ActiveCfg = Debug|Win32
		{C964146A-C6CF-49A0-8BD9-A97512E8123C}.Debug|x86.Build.0 = Debug|Win32
		{C964146A-C6CF-49A0-8BD9-A97512E8123C}.Release Unicode|x64.ActiveCfg = Release|x64
		{C964146A-C6CF-49A0-8BD9-A97512E8123C}.Release Unicode|x64.Build.0 = Release|x64
		{C964146A-C6CF-49A0-8BD9-A97512E8123C}.Release Unicode|x86.ActiveCfg = Release|Win32
		{C964146A-C6CF-49A0-8BD9-A97512E8123C}.Release Unicode|x86.Build.0 = Release|Win32
		{C964146A-C6CF-49A0-8BD9-A97512E8123C}.Release|x64.ActiveCfg = Release|x64
		{C964146A-C6CF-49A0-8BD9-A97512E8123C}.Release|x64.Build.0 = Release|x64
		{C964146A-C6CF-49A0-8BD9-A97512E8123C}.Release|x86.ActiveCfg = Release|Win32
		{C964146A-C6CF-49A0-8BD9-A97512E8123C}.Release|x86.Build.0 = Release|Win32
		{B901D158-DFCB-473B-8CF4-83403A40D1C9}.Debug|x64.ActiveCfg = Debug|x64
		{B901D158-DFCB-473B-8CF4-83403A40D1C9}.Debug|x64.Build.0 = Debug|x64
		{B901D158-DFCB-473B-8CF4-83403A40D1C9}.Debug|x86.ActiveCfg = Debug|Win32
		{B901D158-DFCB-473B-8CF4-83403A40D1C9}.Debug|x86.Build.0 = Debug|Win32
		{B901D158-DFCB-473B-8CF4-83403A40D1C9}.Release Unicode|x64.ActiveCfg = Release|x64
		{B901D158-DFCB-473B-8CF4-83403A40D1C9}.Release Unicode|x64.Build.0 = Release|x64
		{B901D158-DFCB-473B-8CF4-83403A40D1C9}.Release Unicode|x86.ActiveCfg = Release|Win32
		{B901D158-DFCB-473B-8CF4-83403A40D1C9}.Release Unicode|x86.Build.0 = Release|Win32
		{B901D158-DFCB-473B-8CF4-83403A40D1C9}.Release|x64.ActiveCfg = Release|x64
		{B901D158-DFCB-473B-8CF4-83403A40D1C9}.Release|x64.Build.0 = Release|x64
		{B901D158-DFCB-473B-8CF4-83403A40D1C9}.Release|x86.ActiveCfg = Release|Win32
		{B901D158-DFCB-473B-8CF4-83403A40D1C9}.Release|x86.Build.0 = Release|Win32
		{4B92C1C0-2F38-42E9-9260-E0E712D2038B}.Debug|x64.ActiveCfg = Debug|x64
		{4B92C1C0-2F38-42E9-9260-E0E712D2038B}.Debug|x64.Build.0 = Debug|x64
		{4B92C1C0-2F38-42E9-9260-E0E712D2038B}.Debug|x86.ActiveCfg = Debug|Win32
		{4B92C1C0-2F38-42E9-9260-E0E712D2038B}.Debug|x86.Build.0 = Debug|Win32
		{4B92C1C0-2F38-42E9-9260-E0E712D2038B}.Release Unicode|x64.ActiveCfg = Release|x64
		{4B92C1C0-2F38-42E9-9260-E0E712D2038B}.Release Unicode|x64.Build.0 = Release|x64
		{4B92C1C0-2F38-42E9-9260-E0E712D2038B}.Release Unicode|x86.ActiveCfg = Release|Win32
		{4B92C1C0-2F38-42E9-9260-E0E712D2038B}.Release Unicode|x86.Build.0 = Release|Win32
		{4B92C1C0-2F38-42E9-9260-E0E712D2038B}.Release|x64.ActiveCfg = Release|x64
		{4B92C1C0-2F38-42E9-9260-E0E712D2038B}.Release|x64.Build.0 = Release|x64
		{4B92C1C0-2F38-42E9-9260-E0E712D2038B}.Release|x86.ActiveCfg = Release|Win32
		{4B92C1C0-2F38-42E9-9260-E0E712D2038B}.Release|x86.Build.0 = Release|Win32
		{09692E24-5E7A-400D-B342-05A57854BF99}.Debug|x64.ActiveCfg = Debug|x64
		{09692E24-5E7A-400D-B342-05A57854BF99}.Debug|x64.Build.0 = Debug|x64
		{09692E24-5E7A-400D-B342-05A57854BF99}.Debug|x86.ActiveCfg = Debug|Win32
		{09692E24-5E7A-400D-B342-05A57854BF99}.Debug|x86.Build.0 = Debug|Win32
		{09692E24-5E7A-400D-B342-05A57854BF99}.Release Unicode|x64.ActiveCfg = Release|x64
		{09692E24-5E7A-400D-B342-05A57854BF99}.Release Unicode|x64.Build.0 = Release|x64
		{09692E24-5E7A-400D-B342-05A57854BF99}.Release Unicode|x86.ActiveCfg = Release|Win32
		{09692E24-5E7A-400D-B342-05A57854BF99}.Release Unicode|x86.Build.0 = Release|Win32
		{09692E24-5E7A-400D-B342-05A57854BF99}.Release|x64.ActiveCfg = Release|x64
		{09692E24-5E7A-400D-B342-05A57854BF99}.Release|x64.Build.0 = Release|x64
		{09692E24-5E7A-400D-B342-05A57854BF99}.Release|x86.ActiveCfg = Release|Win32
		{09692E24-5E7A-400D-B342-05A57854BF99}.Release|x86.Build.0 = Release|Win32
		{40F8B8AC-EA37-4D92-A399-B2A8AFFD0EDD}.Debug|x64.ActiveCfg = Debug|x64
		{40F8B8AC-EA37-4D92-A399-B2A8AFFD0EDD}.Debug|x64.Build.0 = Debug|x64
		{40F8B8AC-EA37-4D92-A399-B2A8AFFD0EDD}.Debug|x86.ActiveCfg = Debug|Win32
		{40F8B8AC-EA37-4D92-A399-B2A8AFFD0EDD}.Debug|x86.Build.0 = Debug|Win32
		{40F8B8AC-EA37-4D92-A399-B2A8AFFD0EDD}.Release Unicode|x64.ActiveCfg = Release|x64
		{40F8B8AC-EA37-4D92-A399-B2A8AFFD0EDD}.Release Unicode|x64.Build.0 = Release|x64
		{40F8B8AC-EA37-4D92-A399-B2A8AFFD0EDD}.Release Unicode|x86.ActiveCfg = Release|Win32
		{40F8B8AC-EA37-4D92-A399-B2A8AFFD0EDD}.Release Unicode|x86.Build.0 = Release|Win32
		{40F8B8AC-EA37-4D92-A399-B2A8AFFD0EDD}.Release|x64.ActiveCfg = Release|x64
		{40F8B8AC-EA37-4D92-A399-B2A8AFFD0EDD}.Release|x64.Build.0 = Release|x64
		{40F8B8AC-EA37-4D92-A399-B2A8AFFD0EDD}.Release|x86.ActiveCfg = Release|Win32
		{40F8B8AC-EA37-4D92-A399-B2A8AFFD0EDD}.Release|x86.Build.0 = Release|Win32
		{1BFBC2CA-CF0C-4505-8405-14B3DC9AB07E}.Debug|x64.ActiveCfg = Debug|x64
		{1BFBC2CA-CF0C-4505-8405-14B3DC9AB07E}.Debug|x64.Build.0 = Debug|x64
		{1BFBC2CA-CF0C-4505-8405-14B3DC9AB07E}.Debug|x86.ActiveCfg = Debug|Win32
		{1BFBC2CA-CF0C-4505-8405-14B3DC9AB07E}.Debug|x86.Build.0 = Debug|Win32
		{1BFBC2CA-CF0C-4505-8405-14B3DC9AB07E}.Release Unicode|x64.ActiveCfg = Release|x64
		{1BFBC2CA-CF0C-4505-8405-14B3DC9AB07E}.Release Unicode|x64.Build.0 = Release|x64
		{1BFBC2CA-CF0C-4505-8405-14B3DC9AB07E}.Release Unicode|x86.ActiveCfg = Release|Win32
		{1BFBC2CA-CF0C-4505-8405-14B3DC9AB07E}.Release Unicode|x86.Build.0 = Release|Win32
		{1BFBC2CA-CF0C-4505-8405-14B3DC9AB07E}.Release|x64.ActiveCfg = Release|x64
		{1BFBC2CA-CF0C-4505-8405-14B3DC9AB07E}.Release|x64.Build.0 = Release|x64
		{1BFBC2CA-CF0C-4505-8405-14B3DC9AB07E}.Release|x86.ActiveCfg = Release|Win32
		{1BFBC2CA-CF0C-4505-8405-14B3DC9AB07E}.Release|x86.Build.0 = Release|Win32
		{55C28775-09CE-4EF5-AE19-69B2D4D4AA6D}.Debug|x64.ActiveCfg = Debug|x64
		{55C28775-09CE-4EF5-AE19-69B2D4D4AA6D}.Debug|x64.Build.0 = Debug|x64
		{55C28775-09CE-4EF5-AE19-69B2D4D4AA6D}.Debug|x86.ActiveCfg = Debug|Win32
		{55C28775-09CE-4EF5-AE19-69B2D4D4AA6D}.Debug|x86.Build.0 = Debug|Win32
		{55C28775-09CE-4EF5-AE19-69B2D4D4AA6D}.Release Unicode|x64.ActiveCfg = Release|x64
		{55C28775-09CE-4EF5-AE19-69B2D4D4AA6D}.Release Unicode|x64.Build.0 = Release|x64
		{55C28775-09CE-4EF5-AE19-69B2D4D4AA6D}.Release Unicode|x86.ActiveCfg = Release|Win32
		{55C28775-09CE-4EF5-AE19-69B2D4D4AA6D}.Release Unicode|x86.Build.0 = Release|Win32
		{55C28775-09CE-4EF5-AE19-69B2D4D4AA6D}.Release|x64.ActiveCfg = Release|x64
		{55C28775-09CE-4EF5-AE19-69B2D4D4AA6D}.Release|x64.Build.0 = Release|x64
		{55C28775-09CE-4EF5-AE19-69B2D4D4AA6D}.Release|x86.ActiveCfg = Release|Win32
		{55C28775-09CE-4EF5-AE19-69B2D4D4AA6D}.Release|x86.Build.0 = Release|Win32
		{D35A4121-2407-4F88-BA96-C8077B2CDE9C}.Debug|x64.ActiveCfg = Debug|x64
		{D35A4121-2407-4F88-BA96-C8077B2CDE9C}.Debug|x64.Build.0 = Debug|x64
		{D35A4121-2407-4F88-BA96-C8077B2CDE9C}.Debug|x86.ActiveCfg = Debug|Win32
		{D35A4121-2407-4F88-BA96-C8077B2CDE9C}.Debug|x86.Build.0 = Debug|Win32
		{D35A4121-2407-4F88-BA96-C8077B2CDE9C}.Release Unicode|x64.ActiveCfg = Release|x64
		{D35A4121-2407-4F88-BA96-C8077B2CDE9C}.Release Unicode|x64.Build.0 = Release|x64
		{D35A4121-2407-4F88-BA96-C8077B2CDE9C}.Release Unicode|x86.ActiveCfg = Release|Win32
		{D35A4121-2407-4F88-BA96-C8077B2CDE9C}.Release Unicode|x86.Build.0 = Release|Win32
		{D35A4121-2407-4F88-BA96-C8077B2CDE9C}.Release|x64.ActiveCfg = Release|x64
		{D35A4121-2407-4F88-BA96-C8077B2CDE9C}.Release|x64.Build.0 = Release|x64
		{D35A4121-2407-4F88-BA96-C8077B2CDE9C}.Release|x86.ActiveCfg = Release|Win32
		{D35A4121-2407-4F88-BA96-C8077B2CDE9C}.Release|x86.Build.0 = Release|Win32
		{4EE8EE63-53FC-498D-9663-D137CE7B9C85}.Debug|x64.ActiveCfg = Debug|x64
		{4EE8EE63-53FC-498D-9663-D137CE7B9C85}.Debug|x64.Build.0 = Debug|x64
		{4EE8EE63-53FC-498D-9663-D137CE7B9C85}.Debug|x86.ActiveCfg = Debug|Win32
		{4EE8EE63-53FC-498D-9663-D137CE7B9C85}.Debug|x86.Build.0 = Debug|Win32
		{4EE8EE63-53FC-498D-9663-D137CE7B9C85}.Release Unicode|x64.ActiveCfg = Release|x64
		{4EE8EE63-53FC-498D-9663-D137CE7B9C85}.Release Unicode|x64.Build.0 = Release|x64
		{4EE8EE63-53FC-498D-9663-D137CE7B9C85}.Release Unicode|x86.ActiveCfg = Release|Win32
		{4EE8EE63-53FC-498D-9663-D137CE7B9C85}.Release Unicode|x86.Build.0 = Release|Win32
		{4EE8EE63-53FC-498D-9663-D137CE7B9C85}.Release|x64.ActiveCfg = Release|x64
		{4EE8EE63-53FC-498D-9663-D137CE7B9C85}.Release|x64.Build.0 = Release|x64
		{4EE8EE63-53FC-498D-9663-D137CE7B9C85}.Release|x86.ActiveCfg = Release|Win32
		{4EE8EE63-53FC-498D-9663-D137CE7B9C85}.Release|x86.Build.0 = Release|Win32
		{8E1EA0D3-C0E7-41FE-A640-E2329C32FFA8}.Debug|x64.ActiveCfg = Debug|x64
		{8E1EA0D3-C0E7-41FE-A640-E2329C32FFA8}.Debug|x64.Build.0 = Debug|x64
		{8E1EA0D3-C0E7-41FE-A640-E2329C32FFA8}.Debug|x86.ActiveCfg = Debug|Win32
		{8E1EA0D3-C0E7-41FE-A640-E2329C32FFA8}.Debug|x86.Build.0 = Debug|Win32
		{8E1EA0D3-C0E7-41FE-A640-E2329C32FFA8}.Release Unicode|x64.ActiveCfg = Release|x64
		{8E1EA0D3-C0E7-41FE-A640-E2329C32FFA8}.Release Unicode|x64.Build.0 = Release|x64
		{8E1EA0D3-C0E7-41FE-A640-E2329C32FFA8}.Release Unicode|x86.ActiveCfg = Release|Win32
		{8E1EA0D3-C0E7-41FE-A640-E2329C32FFA8}.Release Unicode|x86.Build.0 = Release|Win32
		{8E1EA0D3-C0E7-41FE-A640-E2329C32FFA8}.Release|x64.ActiveCfg = Release|x64
		{8E1EA0D3-C0E7-41FE-A640-E2329C32FFA8}.Release|x64.Build.0 = Release|x64
		{8E1EA0D3-C0E7-41FE-A640-E2329C32FFA8}.Release|x86.ActiveCfg = Release|Win32
		{8E1EA0D3-C0E7-41FE-A640-E2329C32FFA8}.Release|x86.Build.0 = Release|Win32
		{2D8F8B91-0C19-4EA8-874B-31508EFE4776}.Debug|x64.ActiveCfg = Debug|x64
		{2D8F8B91-0C19-4EA8-874B-31508EFE4776}.Debug|x64.Build.0 = Debug|x64
		{2D8F8B91-0C19-4EA8-874B-31508EFE4776}.Debug|x86.ActiveCfg = Debug|Win32
		{2D8F8B91-0C19-4EA8-874B-31508EFE4776}.Debug|x86.Build.0 = Debug|Win32
		{2D8F8B91-0C19-4EA8-874B-31508EFE4776}.Release Unicode|x64.ActiveCfg = Release|x64
		{2D8F8B91-0C19-4EA8-874B-31508EFE4776}.Release Unicode|x64.Build.0 = Release|x64
		{2D8F8B91-0C19-4EA8-874B-31508EFE4776}.Release Unicode|x86.ActiveCfg = Release|Win32
		{2D8F8B91-0C19-4EA8-874B-31508EFE4776}.Release Unicode|x86.Build.0 = Release|Win32
		{2D8F8B91-0C19-4EA8-874B-31508EFE4776}.Release|x64.ActiveCfg = Release|x64
		{2D8F8B91-0C19-4EA8-874B-31508EFE4776}.Release|x64.Build.0 = Release|x64
		{2D8F8B91-0C19-4EA8-874B-31508EFE4776}.Release|x86.ActiveCfg = Release|Win32
		{2D8F8B91-0C19-4EA8-874B-31508EFE4776}.Release|x86.Build.0 = Release|Win32
		{1BD766C5-CB5C-4024-97DB-8B1897BD75B8}.Debug|x64.ActiveCfg = Debug|x64
		{1BD766C5-CB5C-4024-97DB-8B1897BD75B8}.Debug|x64.Build.0 = Debug|x64
		{1BD766C5-CB5C-4024-97DB-8B1897BD75B8}.Debug|x86.ActiveCfg = Debug|Win32
		{1BD766C5-CB5C-4024-97DB-8B1897BD75B8}.Debug|x86.Build.0 = Debug|Win32
		{1BD766C5-CB5C-4024-97DB-8B1897BD75B8}.Release Unicode|x64.ActiveCfg = Release|x64
		{1BD766C5-CB5C-4024-97DB-8B1897BD75B8}.Release Unicode|x64.Build.0 = Release|x64
		{1BD766C5-CB5C-4024-97DB-8B1897BD75B8}.Release Unicode|x86.ActiveCfg = Release|Win32
		{1BD766C5-CB5C-4024-97DB-8B1897BD75B8}.Release Unicode|x86.Build.0 = Release|Win32
		{1BD766C5-CB5C-4024-97DB-8B1897BD75B8}.Release|x64.ActiveCfg = Release|x64
		{1BD766C5-CB5C-4024-97DB-8B1897BD75B8}.Release|x64.Build.0 = Release|x64
		{1BD766C5-CB5C-4024-97DB-8B1897BD75B8}.Release|x86.ActiveCfg = Release|Win32
		{1BD766C5-CB5C-4024-97DB-8B1897BD75B8}.Release|x86.Build.0 = Release|Win32
	EndGlobalSection
	GlobalSection(SolutionProperties) = preSolution
		HideSolutionNode = FALSE
	EndGlobalSection
	GlobalSection(ExtensibilityGlobals) = postSolution
		SolutionGuid = {F3A01B64-C5C5-47CF-817E-79F750784F0C}
	EndGlobalSection
EndGlobal
